
Microsoft Visual Studio Solution File, Format Version 12.00
# Visual Studio 14
VisualStudioVersion = 14.0.23107.0
MinimumVisualStudioVersion = 10.0.40219.1
Project("{FAE04EC0-301F-11D3-BF4B-00C04F79EFBC}") = "BinaryCalculator.Core", "BinaryCalculator.Core\BinaryCalculator.Core.csproj", "{D53CEC85-63AF-45D9-B555-A78FD51BBD7D}"
EndProject
Project("{FAE04EC0-301F-11D3-BF4B-00C04F79EFBC}") = "BinaryCalculator.Core.UnitTests", "BinaryCalculator.Core.UnitTests\BinaryCalculator.Core.UnitTests.csproj", "{774238EF-9738-41C2-9B88-F8BE5B020138}"
EndProject
Global
	GlobalSection(SolutionConfigurationPlatforms) = preSolution
		Debug|Any CPU = Debug|Any CPU
		Release|Any CPU = Release|Any CPU
	EndGlobalSection
	GlobalSection(ProjectConfigurationPlatforms) = postSolution
		{D53CEC85-63AF-45D9-B555-A78FD51BBD7D}.Debug|Any CPU.ActiveCfg = Debug|Any CPU
		{D53CEC85-63AF-45D9-B555-A78FD51BBD7D}.Debug|Any CPU.Build.0 = Debug|Any CPU
		{D53CEC85-63AF-45D9-B555-A78FD51BBD7D}.Release|Any CPU.ActiveCfg = Release|Any CPU
		{D53CEC85-63AF-45D9-B555-A78FD51BBD7D}.Release|Any CPU.Build.0 = Release|Any CPU
		{774238EF-9738-41C2-9B88-F8BE5B020138}.Debug|Any CPU.ActiveCfg = Debug|Any CPU
		{774238EF-9738-41C2-9B88-F8BE5B020138}.Debug|Any CPU.Build.0 = Debug|Any CPU
		{774238EF-9738-41C2-9B88-F8BE5B020138}.Release|Any CPU.ActiveCfg = Release|Any CPU
		{774238EF-9738-41C2-9B88-F8BE5B020138}.Release|Any CPU.Build.0 = Release|Any CPU
	EndGlobalSection
	GlobalSection(SolutionProperties) = preSolution
		HideSolutionNode = FALSE
	EndGlobalSection
EndGlobal
